# This file is automatically @generated by Poetry 1.8.4 and should not be changed by hand.

[[package]]
name = "asgiref"
version = "3.8.1"
description = "ASGI specs, helper code, and adapters"
optional = false
python-versions = ">=3.8"
files = [
    {file = "asgiref-3.8.1-py3-none-any.whl", hash = "sha256:3e1e3ecc849832fe52ccf2cb6686b7a55f82bb1d6aee72a58826471390335e47"},
    {file = "asgiref-3.8.1.tar.gz", hash = "sha256:c343bd80a0bec947a9860adb4c432ffa7db769836c64238fc34bdc3fec84d590"},
]

[package.extras]
tests = ["mypy (>=0.800)", "pytest", "pytest-asyncio"]

[[package]]
name = "django"
version = "4.2.16"
description = "A high-level Python web framework that encourages rapid development and clean, pragmatic design."
optional = false
python-versions = ">=3.8"
files = [
    {file = "Django-4.2.16-py3-none-any.whl", hash = "sha256:1ddc333a16fc139fd253035a1606bb24261951bbc3a6ca256717fa06cc41a898"},
    {file = "Django-4.2.16.tar.gz", hash = "sha256:6f1616c2786c408ce86ab7e10f792b8f15742f7b7b7460243929cb371e7f1dad"},
]

[package.dependencies]
asgiref = ">=3.6.0,<4"
sqlparse = ">=0.3.1"
tzdata = {version = "*", markers = "sys_platform == \"win32\""}

[package.extras]
argon2 = ["argon2-cffi (>=19.1.0)"]
bcrypt = ["bcrypt"]

[[package]]
name = "djangorestframework"
version = "3.15.2"
description = "Web APIs for Django, made easy."
optional = false
python-versions = ">=3.8"
files = [
    {file = "djangorestframework-3.15.2-py3-none-any.whl", hash = "sha256:2b8871b062ba1aefc2de01f773875441a961fefbf79f5eed1e32b2f096944b20"},
    {file = "djangorestframework-3.15.2.tar.gz", hash = "sha256:36fe88cd2d6c6bec23dca9804bab2ba5517a8bb9d8f47ebc68981b56840107ad"},
]

[package.dependencies]
django = ">=4.2"

[[package]]
name = "psycopg"
version = "3.1.8"
description = "PostgreSQL database adapter for Python"
optional = false
python-versions = ">=3.7"
files = [
    {file = "psycopg-3.1.8-py3-none-any.whl", hash = "sha256:b1500c42063abaa01d30b056f0b300826b8dd8d586900586029a294ce74af327"},
    {file = "psycopg-3.1.8.tar.gz", hash = "sha256:59b4a71536b146925513c0234dfd1dc42b81e65d56ce5335dff4813434dbc113"},
]

[package.dependencies]
typing-extensions = ">=4.1"
tzdata = {version = "*", markers = "sys_platform == \"win32\""}

[package.extras]
binary = ["psycopg-binary (>=3.1.6,<=3.1.8)"]
c = ["psycopg-c (>=3.1.6,<=3.1.8)"]
dev = ["black (>=22.3.0)", "dnspython (>=2.1)", "flake8 (>=4.0)", "mypy (>=0.990)", "types-setuptools (>=57.4)", "wheel (>=0.37)"]
docs = ["Sphinx (>=5.0)", "furo (==2022.6.21)", "sphinx-autobuild (>=2021.3.14)", "sphinx-autodoc-typehints (>=1.12)"]
pool = ["psycopg-pool"]
test = ["mypy (>=0.990)", "pproxy (>=2.7)", "pytest (>=6.2.5)", "pytest-asyncio (>=0.17)", "pytest-cov (>=3.0)", "pytest-randomly (>=3.5)"]

[[package]]
name = "psycopg-binary"
version = "3.1.8"
description = "PostgreSQL database adapter for Python -- C optimisation distribution"
optional = false
python-versions = ">=3.7"
files = [
    {file = "psycopg_binary-3.1.8-cp310-cp310-macosx_10_9_x86_64.whl", hash = "sha256:f32684b4fc3863190c4b9c141342b2cbdb81632731b9c68e6946d772ba0560f2"},
    {file = "psycopg_binary-3.1.8-cp310-cp310-macosx_11_0_arm64.whl", hash = "sha256:37212244817b3cc7193ee4b5d60765c020ead5e53589c935d249bfb96452878b"},
    {file = "psycopg_binary-3.1.8-cp310-cp310-manylinux_2_17_aarch64.manylinux2014_aarch64.whl", hash = "sha256:32f2563db6e44372f593a76c94452ce476306e0fb508e092f3fab4d9091a9974"},
    {file = "psycopg_binary-3.1.8-cp310-cp310-manylinux_2_17_i686.manylinux2014_i686.whl", hash = "sha256:b36fcc67d8b23935ee871a6331c9631ecfdb11452a64f34b8ecb9642de43aec8"},
    {file = "psycopg_binary-3.1.8-cp310-cp310-manylinux_2_17_ppc64le.manylinux2014_ppc64le.whl", hash = "sha256:8bb9f577a09e799322008e574a1671c5b2645e990f954be2b7dae669e3779750"},
    {file = "psycopg_binary-3.1.8-cp310-cp310-manylinux_2_17_x86_64.manylinux2014_x86_64.whl", hash = "sha256:9ac81e68262b03163ca977f34448b4cadbc49db929146406b4706fe2141d76d1"},
    {file = "psycopg_binary-3.1.8-cp310-cp310-musllinux_1_1_aarch64.whl", hash = "sha256:fbfc9ae4edfb76c14d09bd70d6f399eb935008bbb3bc4cd6a4ab76645ba3443e"},
    {file = "psycopg_binary-3.1.8-cp310-cp310-musllinux_1_1_i686.whl", hash = "sha256:8602836138bc209aa5f9821c8e8439466f151c3ec4fcdbc740697e49cff1b920"},
    {file = "psycopg_binary-3.1.8-cp310-cp310-musllinux_1_1_ppc64le.whl", hash = "sha256:9cf94411f5a9064cf4ab1066976a7bce44f970f9603a01585c1040465eb312f9"},
    {file = "psycopg_binary-3.1.8-cp310-cp310-musllinux_1_1_x86_64.whl", hash = "sha256:a8fee8d846f9614331bd764850b4c1363730d36e88e14aa28ec4639318fd2093"},
    {file = "psycopg_binary-3.1.8-cp310-cp310-win_amd64.whl", hash = "sha256:2d5ae85c6037e45862e304d39ec24a24ddebc7d2b5b3601155dddc07c19c0cdc"},
    {file = "psycopg_binary-3.1.8-cp311-cp311-macosx_10_9_x86_64.whl", hash = "sha256:17d187743d8ca63d24fa724bfee76e50b6473f1fef998cebcd35348b0d5936de"},
    {file = "psycopg_binary-3.1.8-cp311-cp311-macosx_11_0_arm64.whl", hash = "sha256:3762e73b6743139c5258d8b3a294edb309c691ba4f172c9f272315501390e7c2"},
    {file = "psycopg_binary-3.1.8-cp311-cp311-manylinux_2_17_aarch64.manylinux2014_aarch64.whl", hash = "sha256:87973d064a72bc2716309381b713f49f57c48100fb1f046943b780a04bc011f6"},
    {file = "psycopg_binary-3.1.8-cp311-cp311-manylinux_2_17_i686.manylinux2014_i686.whl", hash = "sha256:5f8400d400f64f659a897d1ef67212012524cc44882bd24387515df9bb723364"},
    {file = "psycopg_binary-3.1.8-cp311-cp311-manylinux_2_17_ppc64le.manylinux2014_ppc64le.whl", hash = "sha256:f45766ce8e74eb456d8672116e936391e67290c50fd0cc1b41876b61261869b6"},
    {file = "psycopg_binary-3.1.8-cp311-cp311-manylinux_2_17_x86_64.manylinux2014_x86_64.whl", hash = "sha256:33ecf37c6348232073ea62b0630655479021f855635f72b4170693032993cdaf"},
    {file = "psycopg_binary-3.1.8-cp311-cp311-musllinux_1_1_aarch64.whl", hash = "sha256:10b8f1f96f5e8f02a60ba76dab315d3e71cb76c18ff49aa18bbf48a8089c3202"},
    {file = "psycopg_binary-3.1.8-cp311-cp311-musllinux_1_1_i686.whl", hash = "sha256:58cb0d007768dbccb67783baacf1c4016c7be8a494339a514321edee3d3b787a"},
    {file = "psycopg_binary-3.1.8-cp311-cp311-musllinux_1_1_ppc64le.whl", hash = "sha256:59d8dbea1bc3dbbc819c0320cb2b641dc362389b096098c62172f49605f58284"},
    {file = "psycopg_binary-3.1.8-cp311-cp311-musllinux_1_1_x86_64.whl", hash = "sha256:4325cee1641c25719bcf063f7683e909cb8cc9932ace3f8bf20ce112e47ce743"},
    {file = "psycopg_binary-3.1.8-cp311-cp311-win_amd64.whl", hash = "sha256:064502d191d7bc32a48670cc605ce49abcdb5e01e2697ee3fe546cff330fb8ae"},
    {file = "psycopg_binary-3.1.8-cp37-cp37m-macosx_10_9_x86_64.whl", hash = "sha256:5fd8492931865cc7181169b2dbf472377a5b5808f001e73f5c25b05bb61e9622"},
    {file = "psycopg_binary-3.1.8-cp37-cp37m-manylinux_2_17_aarch64.manylinux2014_aarch64.whl", hash = "sha256:b4d1a4ea2ca20f0bc944bc28e4addb80e6a22ac60a85fc7035e57c88e96f3a18"},
    {file = "psycopg_binary-3.1.8-cp37-cp37m-manylinux_2_17_i686.manylinux2014_i686.whl", hash = "sha256:c27be5ddf4a05146ae7fb8429e9367dad0dc278a7d0e2f5094dd533195c4f8a1"},
    {file = "psycopg_binary-3.1.8-cp37-cp37m-manylinux_2_17_ppc64le.manylinux2014_ppc64le.whl", hash = "sha256:fa8ca48a35be0f9880ed2093c213f07d318fa9389a2b9194196c239e41a77841"},
    {file = "psycopg_binary-3.1.8-cp37-cp37m-manylinux_2_17_x86_64.manylinux2014_x86_64.whl", hash = "sha256:bf59e1d06f420930fc4c16a42ed6476c60c83976c82e53012dbca45f009d5978"},
    {file = "psycopg_binary-3.1.8-cp37-cp37m-musllinux_1_1_aarch64.whl", hash = "sha256:cb3013b76cbab4a903f3b9c87f4518335627cb05fd89f9e04520c1743c2b919b"},
    {file = "psycopg_binary-3.1.8-cp37-cp37m-musllinux_1_1_i686.whl", hash = "sha256:db84eaa9e2d13e37a97dcd39d2fe78e0a3052c9aa67b5f0b4f3d346a155f4d21"},
    {file = "psycopg_binary-3.1.8-cp37-cp37m-musllinux_1_1_ppc64le.whl", hash = "sha256:2c3d268cf2dbb79e52a555c2e7b26c6df2d014f3fb918d512ffc25ecc9c54582"},
    {file = "psycopg_binary-3.1.8-cp37-cp37m-musllinux_1_1_x86_64.whl", hash = "sha256:0fe6205af5f63ee6e4816b267bf06add5934a259cddcf7dfdfc8ed738f5127b2"},
    {file = "psycopg_binary-3.1.8-cp37-cp37m-win_amd64.whl", hash = "sha256:f99806a5b9a5ba5cb5f46a0fa0440cd721556e0af09a7cadcc39e27ae9b1807e"},
    {file = "psycopg_binary-3.1.8-cp38-cp38-macosx_10_9_x86_64.whl", hash = "sha256:0cc5d5a9b0acbf38e0b4de1c701d235f0cb750ef3de528dedfdbab1a367f2396"},
    {file = "psycopg_binary-3.1.8-cp38-cp38-macosx_11_0_arm64.whl", hash = "sha256:478ecbb774398e5df6ee365a4d0a77f382a65f140e76720909804255c7801d4a"},
    {file = "psycopg_binary-3.1.8-cp38-cp38-manylinux_2_17_aarch64.manylinux2014_aarch64.whl", hash = "sha256:b40b56c5b3ffa8481f7bebb08473602ddb8e2e86ba25bf9261ba428eb7887175"},
    {file = "psycopg_binary-3.1.8-cp38-cp38-manylinux_2_17_i686.manylinux2014_i686.whl", hash = "sha256:37df8714837d2c701ba4c54462a189b95d1a4439d4d147fb71018560e9a60547"},
    {file = "psycopg_binary-3.1.8-cp38-cp38-manylinux_2_17_ppc64le.manylinux2014_ppc64le.whl", hash = "sha256:29a38b48cbec8484d83efea4d1d0707e49a3c51a2273cfbaa3d9ba280d3df7d9"},
    {file = "psycopg_binary-3.1.8-cp38-cp38-manylinux_2_17_x86_64.manylinux2014_x86_64.whl", hash = "sha256:c1a2209ef4df25f4ed8d91924bd4d9c7028d254e61216366c4b894c8a6ea4f88"},
    {file = "psycopg_binary-3.1.8-cp38-cp38-musllinux_1_1_aarch64.whl", hash = "sha256:858a794c2d5e984627503581f03cc68cef97ee080993b7b6a0b7b30cb4fac107"},
    {file = "psycopg_binary-3.1.8-cp38-cp38-musllinux_1_1_i686.whl", hash = "sha256:574c8b7b51e8d5c06f27125fc218d1328c018c0c1ad8f1202033aa6897b8ee99"},
    {file = "psycopg_binary-3.1.8-cp38-cp38-musllinux_1_1_ppc64le.whl", hash = "sha256:e3dc783eedde10f966039ecc5f96f7df25c288ea4f6795d28b990f312c33ff09"},
    {file = "psycopg_binary-3.1.8-cp38-cp38-musllinux_1_1_x86_64.whl", hash = "sha256:94f9e7ccbfdba1c4f5de80b615187eb47a351ab64a9123d87aea4bf347c1e1d8"},
    {file = "psycopg_binary-3.1.8-cp38-cp38-win_amd64.whl", hash = "sha256:1425c2cc4cfd4778d9dee578541f11546a93fc2f5c558a0411c94026a1cf94c7"},
    {file = "psycopg_binary-3.1.8-cp39-cp39-macosx_10_9_x86_64.whl", hash = "sha256:e68e8b8077cd45dd2683fcd9a384e7672b400e26c0c7d04dac0cf0763c12be78"},
    {file = "psycopg_binary-3.1.8-cp39-cp39-macosx_11_0_arm64.whl", hash = "sha256:60b22dd46e4e4f678379cf3388468171c2ecea74e90b1332d173ffa8cd83315f"},
    {file = "psycopg_binary-3.1.8-cp39-cp39-manylinux_2_17_aarch64.manylinux2014_aarch64.whl", hash = "sha256:61a1ccef7e0bf6128a7818c9d22cc850cf7649cee9541e82e4a8c080a734024d"},
    {file = "psycopg_binary-3.1.8-cp39-cp39-manylinux_2_17_i686.manylinux2014_i686.whl", hash = "sha256:2e7a7b41eba96c7b9648efee57298f1aa0d96e081dea76489f52113536981712"},
    {file = "psycopg_binary-3.1.8-cp39-cp39-manylinux_2_17_ppc64le.manylinux2014_ppc64le.whl", hash = "sha256:a161785b1c8e26cd8e8d5436fa39ba2a8af590c17f1741aae11f8076a08485e6"},
    {file = "psycopg_binary-3.1.8-cp39-cp39-manylinux_2_17_x86_64.manylinux2014_x86_64.whl", hash = "sha256:a978d2bea09265eb6ebcd1b8a3aa05ea4118aa4013cb9669e12a8656975385cd"},
    {file = "psycopg_binary-3.1.8-cp39-cp39-musllinux_1_1_aarch64.whl", hash = "sha256:251d2e6dca112dd359c029f422a025d75e78f2f2af4a2aceff506fdc5120f5f9"},
    {file = "psycopg_binary-3.1.8-cp39-cp39-musllinux_1_1_i686.whl", hash = "sha256:a1f052642a54eda53786fa8b72fca2e48ceaf0fc2f3e8709c87694fd7c45ac50"},
    {file = "psycopg_binary-3.1.8-cp39-cp39-musllinux_1_1_ppc64le.whl", hash = "sha256:73747e6a5dfb05500ff3857f9b9ee50e4f4f663250454d773b98d818545f10fa"},
    {file = "psycopg_binary-3.1.8-cp39-cp39-musllinux_1_1_x86_64.whl", hash = "sha256:811d870ca9e97875db92f9b346492c4fa7a9edd74dce3604015dd13389fef46a"},
    {file = "psycopg_binary-3.1.8-cp39-cp39-win_amd64.whl", hash = "sha256:8a0f425171e95379f1fe93b41d67c6dfe85b6b635944facf07ca26ff7fa8ab1d"},
]

[[package]]
name = "sqlparse"
version = "0.5.2"
description = "A non-validating SQL parser."
optional = false
python-versions = ">=3.8"
files = [
    {file = "sqlparse-0.5.2-py3-none-any.whl", hash = "sha256:e99bc85c78160918c3e1d9230834ab8d80fc06c59d03f8db2618f65f65dda55e"},
    {file = "sqlparse-0.5.2.tar.gz", hash = "sha256:9e37b35e16d1cc652a2545f0997c1deb23ea28fa1f3eefe609eee3063c3b105f"},
]

[package.extras]
dev = ["build", "hatch"]
doc = ["sphinx"]

[[package]]
name = "typing-extensions"
version = "4.12.2"
description = "Backported and Experimental Type Hints for Python 3.8+"
optional = false
python-versions = ">=3.8"
files = [
    {file = "typing_extensions-4.12.2-py3-none-any.whl", hash = "sha256:04e5ca0351e0f3f85c6853954072df659d0d13fac324d0072316b67d7794700d"},
    {file = "typing_extensions-4.12.2.tar.gz", hash = "sha256:1a7ead55c7e559dd4dee8856e3a88b41225abfe1ce8df57b7c13915fe121ffb8"},
]

[[package]]
name = "tzdata"
version = "2024.2"
description = "Provider of IANA time zone data"
optional = false
python-versions = ">=2"
files = [
    {file = "tzdata-2024.2-py2.py3-none-any.whl", hash = "sha256:a48093786cdcde33cad18c2555e8532f34422074448fbc874186f0abd79565cd"},
    {file = "tzdata-2024.2.tar.gz", hash = "sha256:7d85cc416e9382e69095b7bdf4afd9e3880418a2413feec7069d533d6b4e31cc"},
]

[metadata]
lock-version = "2.0"
python-versions = "^3.11"
content-hash = "e0d9ad1830953d6d88e30e48c6124b4d1901d52aa817e5aadba32d817806f852"
